
Microsoft Visual Studio Solution File, Format Version 12.00
# Visual Studio 15
VisualStudioVersion = 15.0.28307.1062
MinimumVisualStudioVersion = 10.0.40219.1
Project("{FAE04EC0-301F-11D3-BF4B-00C04F79EFBC}") = "LoginForm", "LoginForm\LoginForm.csproj", "{9B5A048A-2273-4839-9E6D-26A78D5DB69F}"
EndProject
Global
	GlobalSection(SolutionConfigurationPlatforms) = preSolution
		Debug|Any CPU = Debug|Any CPU
		Release|Any CPU = Release|Any CPU
	EndGlobalSection
	GlobalSection(ProjectConfigurationPlatforms) = postSolution
		{9B5A048A-2273-4839-9E6D-26A78D5DB69F}.Debug|Any CPU.ActiveCfg = Debug|Any CPU
		{9B5A048A-2273-4839-9E6D-26A78D5DB69F}.Debug|Any CPU.Build.0 = Debug|Any CPU
		{9B5A048A-2273-4839-9E6D-26A78D5DB69F}.Release|Any CPU.ActiveCfg = Release|Any CPU
		{9B5A048A-2273-4839-9E6D-26A78D5DB69F}.Release|Any CPU.Build.0 = Release|Any CPU
	EndGlobalSection
	GlobalSection(SolutionProperties) = preSolution
		HideSolutionNode = FALSE
	EndGlobalSection
	GlobalSection(ExtensibilityGlobals) = postSolution
		SolutionGuid = {2251AC37-8140-46E3-8055-EA5B9C0146A7}
	EndGlobalSection
EndGlobal
